{
  "originHash" : "914681f50fac29065e44925bf047792b460560ceb31bd32c5217c3ddc5cbd9db",
  "pins" : [
    {
      "identity" : "fluidaudio",
      "kind" : "remoteSourceControl",
      "location" : "https://github.com/FluidInference/FluidAudio.git",
      "state" : {
        "revision" : "b9d43724cbdb5a980e441fd54180964e94d470f7",
        "version" : "0.15.4"
      }
    },
    {
      "identity" : "sparkle",
      "kind" : "remoteSourceControl",
      "location" : "https://github.com/sparkle-project/Sparkle",
      "state" : {
        "revision" : "21d8df80440b1ca3b65fa82e40782f1e5a9e6ba2",
        "version" : "2.9.0"
      }
    }
  ],
  "version" : 3
}
